
Microsoft Visual Studio Solution File, Format Version 12.00
# Visual Studio Version 17
VisualStudioVersion = 17.13.35919.96 d17.13
MinimumVisualStudioVersion = 10.0.40219.1
Project("{FAE04EC0-301F-11D3-BF4B-00C04F79EFBC}") = "Comfort24", "Comfort24\Comfort24.csproj", "{344EF6EA-2943-4044-91C4-8F89FF7D8BEA}"
EndProject
Global
	GlobalSection(SolutionConfigurationPlatforms) = preSolution
		Debug|Any CPU = Debug|Any CPU
		Release|Any CPU = Release|Any CPU
	EndGlobalSection
	GlobalSection(ProjectConfigurationPlatforms) = postSolution
		{344EF6EA-2943-4044-91C4-8F89FF7D8BEA}.Debug|Any CPU.ActiveCfg = Debug|Any CPU
		{344EF6EA-2943-4044-91C4-8F89FF7D8BEA}.Debug|Any CPU.Build.0 = Debug|Any CPU
		{344EF6EA-2943-4044-91C4-8F89FF7D8BEA}.Release|Any CPU.ActiveCfg = Release|Any CPU
		{344EF6EA-2943-4044-91C4-8F89FF7D8BEA}.Release|Any CPU.Build.0 = Release|Any CPU
	EndGlobalSection
	GlobalSection(SolutionProperties) = preSolution
		HideSolutionNode = FALSE
	EndGlobalSection
	GlobalSection(ExtensibilityGlobals) = postSolution
		SolutionGuid = {CF4AB787-580C-4CBD-A323-B6E7BC427C27}
	EndGlobalSection
EndGlobal
